
Microsoft Visual Studio Solution File, Format Version 12.00
# Visual Studio Version 16
VisualStudioVersion = 16.0.33027.164
MinimumVisualStudioVersion = 10.0.40219.1
Project("{FAE04EC0-301F-11D3-BF4B-00C04F79EFBC}") = "gestion_Almacen", "gestion_Almacen\gestion_Almacen.csproj", "{92633488-329C-4B45-9135-50A038DCEBA1}"
EndProject
Global
	GlobalSection(SolutionConfigurationPlatforms) = preSolution
		Debug|Any CPU = Debug|Any CPU
		Release|Any CPU = Release|Any CPU
	EndGlobalSection
	GlobalSection(ProjectConfigurationPlatforms) = postSolution
		{92633488-329C-4B45-9135-50A038DCEBA1}.Debug|Any CPU.ActiveCfg = Debug|Any CPU
		{92633488-329C-4B45-9135-50A038DCEBA1}.Debug|Any CPU.Build.0 = Debug|Any CPU
		{92633488-329C-4B45-9135-50A038DCEBA1}.Release|Any CPU.ActiveCfg = Release|Any CPU
		{92633488-329C-4B45-9135-50A038DCEBA1}.Release|Any CPU.Build.0 = Release|Any CPU
	EndGlobalSection
	GlobalSection(SolutionProperties) = preSolution
		HideSolutionNode = FALSE
	EndGlobalSection
	GlobalSection(ExtensibilityGlobals) = postSolution
		SolutionGuid = {D108FC6D-6A01-42EF-AA92-445B01E4D26F}
	EndGlobalSection
EndGlobal
